PODS:
  - Flutter (1.0.0)
  - umengpush (0.0.1):
    - Flutter

DEPENDENCIES:
  - Flutter (from `.symlinks/flutter/ios`)
  - umengpush (from `.symlinks/plugins/umengpush/ios`)

EXTERNAL SOURCES:
  Flutter:
    :path: ".symlinks/flutter/ios"
  umengpush:
    :path: ".symlinks/plugins/umengpush/ios"

SPEC CHECKSUMS:
  Flutter: 58dd7d1b27887414a370fcccb9e645c08ffd7a6a
  umengpush: 84d7387a9f08bd77c3fe4fa15ac7767b8b0a8c17

PODFILE CHECKSUM: ebd43b443038e611b86ede96e613bd6033c49497

COCOAPODS: 1.6.1
